github.com/jonboulle/clockwork v0.2.2/go.mod h1:Pkfl5aHPm1nk2H9h0bjmnJD/BcgbGXUBGnn1kMkgxc8=
github.com/marksaravi/devices-go v1.0.1 h1:RrZPsZ6+cwCQAoBa9PnwUgaku/POGz9xwAQUA1cqRUo=
github.com/marksaravi/devices-go v1.0.1/go.mod h1:wbTZTskP879LiVNJnt1YDNL20ZMbvELc5PfEwtSzFj8=
github.com/marksaravi/devices-go v1.1.0 h1:Wcikvd858oMf850GcV8aO8dt73t82pidZDkWy1voQXE=
github.com/marksaravi/devices-go v1.1.0/go.mod h1:wbTZTskP879LiVNJnt1YDNL20ZMbvELc5PfEwtSzFj8=
github.com/marksaravi/devices-go v1.2.0 h1:pkr1kg/loc7L3n97gJWibruf96aVOsmp+YOG+6AYjpo=
github.com/marksaravi/devices-go v1.2.0/go.mod h1:wbTZTskP879LiVNJnt1YDNL20ZMbvELc5PfEwtSzFj8=
github.com/marksaravi/devices-go v1.3.0 h1:7m9hoHv1/wR6ti4s/s9UW74mFmyIWh5JCJe0Oy2tieo=
github.com/marksaravi/devices-go v1.3.0/go.mod h1:wbTZTskP879LiVNJnt1YDNL20ZMbvELc5PfEwtSzFj8=
github.com/marksaravi/devices-go v1.4.0 h1:bKFV20zBpBzukm5/uVwumYkxJTO8fnGSGbMx8667Hm4=
github.com/marksaravi/devices-go v1.4.0/go.mod h1:wbTZTskP879LiVNJnt1YDNL20ZMbvELc5PfEwtSzFj8=
github.com/marksaravi/devices-go v1.4.1-0.20220710095904-4d224d28b18a h1:F0r5NN7JfCtmohJxwhY7SX5a37Rd+Ub+wkTBXfn/2KY=
github.com/marksaravi/devices-go v1.4.1-0.20220710095904-4d224d28b18a/go.mod h1:wbTZTskP879LiVNJnt1YDNL20ZMbvELc5PfEwtSzFj8=
github.com/marksaravi/fonts-go v0.0.0-20220529120428-630e5c44e8bf h1:DmlX9oOnV+YeHcNtL/LsZEsHovVcpmGF6TLg3Y/aljk=
github.com/marksaravi/fonts-go v0.0.0-20220529120428-630e5c44e8bf/go.mod h1:G20Ju8c7mDqQFqjhHwP2yjDM4Upc0BYIEh00NSWDGHY=
github.com/marksaravi/fonts-go v0.1.0 h1:EjR3Qxjs4yA24dLrmk4pe3CXiJfGVvUaCwsgPjGPpNA=
github.com/marksaravi/fonts-go v0.1.0/go.mod h1:G20Ju8c7mDqQFqjhHwP2yjDM4Upc0BYIEh00NSWDGHY=
periph.io/x/conn/v3 v3.6.10 h1:gwU4ssmZkq1D/uz8hU91i/COo2c9DrRaS4PJZBbCd+c=
periph.io/x/conn/v3 v3.6.10/go.mod h1:UqWNaPMosWmNCwtufoTSTTYhB2wXWsMRAJyo1PlxO4Q=
periph.io/x/d2xx v0.0.4/go.mod h1:38Euaaj+s6l0faIRHh32a+PrjXvxFTFkPBEQI0TKg34=
periph.io/x/host/v3 v3.7.2 h1:rCAUxkzy2xrzh18HP2AoVwTL/fEKqmcJ1icsZQGM58Q=
periph.io/x/host/v3 v3.7.2/go.mod h1:nHMlzkPwmnHyP9Tn0I8FV+e0N3K7TjFXLZkIWzAicog=
