github.com/jonboulle/clockwork v0.2.2 h1:UOGuzwb1PwsrDAObMuhUnj0p5ULPj8V/xJ7Kx9qUBdQ=
github.com/jonboulle/clockwork v0.2.2/go.mod h1:Pkfl5aHPm1nk2H9h0bjmnJD/BcgbGXUBGnn1kMkgxc8=
github.com/marksaravi/drawings-go v1.0.1 h1:AizNJWcKif6czfEJqhFoUamVGsk7FNsYlQd9Ks8vJhU=
github.com/marksaravi/drawings-go v1.0.1/go.mod h1:v4tzkmVQyrCnA4tnZ8+eiaicQM1oVLV6nM64Pt/qFT4=
github.com/marksaravi/drawings-go v1.0.2 h1:oGRahC1XqIxO3ZsKAssc6Goc4hJUB+W4i6m5i5LeWMY=
github.com/marksaravi/drawings-go v1.0.2/go.mod h1:v4tzkmVQyrCnA4tnZ8+eiaicQM1oVLV6nM64Pt/qFT4=
github.com/marksaravi/drawings-go v1.0.4 h1:pSxz8QdHpKyHcCsm/rjj4UQzGw9rmBkOsjZsqr7xbXs=
github.com/marksaravi/drawings-go v1.0.4/go.mod h1:v4tzkmVQyrCnA4tnZ8+eiaicQM1oVLV6nM64Pt/qFT4=
github.com/marksaravi/drawings-go v1.0.5 h1:Z9LUsmmyKWB3vkQu1VsMzGawswSwp6vZdD3S1zBIyPQ=
github.com/marksaravi/drawings-go v1.0.5/go.mod h1:v4tzkmVQyrCnA4tnZ8+eiaicQM1oVLV6nM64Pt/qFT4=
github.com/marksaravi/drivers-go v1.0.3 h1:/eWyZ5BoKGYFxXQAB+TIl8Gdy9ff0LTRqEa2X3VyenU=
github.com/marksaravi/drivers-go v1.0.3/go.mod h1:S6kzovbZrA9nvjI9grM1oTdRG+/OjDy4H//TwYbhKjI=
github.com/marksaravi/drivers-go v1.0.4 h1:eDYCHYty8eKvtQ3GQ9wfOhNjhx6Vbd75OVrwBn1bwvI=
github.com/marksaravi/drivers-go v1.0.4/go.mod h1:S6kzovbZrA9nvjI9grM1oTdRG+/OjDy4H//TwYbhKjI=
github.com/marksaravi/drivers-go v1.0.5 h1:skuOfxdc7XZHNjiI7uaVt+UgKj8GnWw3V4m2WAtiQcE=
github.com/marksaravi/drivers-go v1.0.5/go.mod h1:S6kzovbZrA9nvjI9grM1oTdRG+/OjDy4H//TwYbhKjI=
github.com/marksaravi/fonts-go v0.4.0 h1:NdtbP9J/UAeEcRELGtlxPoVRwVGjnJeDanyHg4EdBcM=
github.com/marksaravi/fonts-go v0.4.0/go.mod h1:G20Ju8c7mDqQFqjhHwP2yjDM4Upc0BYIEh00NSWDGHY=
gopkg.in/check.v1 v0.0.0-20161208181325-20d25e280405/go.mod h1:Co6ibVJAznAaIkqp8huTwlJQCZ016jof/cbN4VW5Yz0=
gopkg.in/yaml.v3 v3.0.1 h1:fxVm/GzAzEWqLHuvctI91KS9hhNmmWOoWu0XTYJS7CA=
gopkg.in/yaml.v3 v3.0.1/go.mod h1:K4uyk7z7BCEPqu6E+C64Yfv1cQ7kz7rIZviUmN+EgEM=
periph.io/x/conn/v3 v3.6.10 h1:gwU4ssmZkq1D/uz8hU91i/COo2c9DrRaS4PJZBbCd+c=
periph.io/x/conn/v3 v3.6.10/go.mod h1:UqWNaPMosWmNCwtufoTSTTYhB2wXWsMRAJyo1PlxO4Q=
periph.io/x/d2xx v0.0.4/go.mod h1:38Euaaj+s6l0faIRHh32a+PrjXvxFTFkPBEQI0TKg34=
periph.io/x/host/v3 v3.7.2 h1:rCAUxkzy2xrzh18HP2AoVwTL/fEKqmcJ1icsZQGM58Q=
periph.io/x/host/v3 v3.7.2/go.mod h1:nHMlzkPwmnHyP9Tn0I8FV+e0N3K7TjFXLZkIWzAicog=
